
Microsoft Visual Studio Solution File, Format Version 12.00
# Visual Studio Version 17
VisualStudioVersion = 17.14.37710.0 d17.14
MinimumVisualStudioVersion = 10.0.40219.1
Project("{FAE04EC0-301F-11D3-BF4B-00C04F79EFBC}") = "sttudentinfo", "sttudentinfo\sttudentinfo.csproj", "{848CF398-5E00-4A9A-A8D8-15491815F417}"
EndProject
Global
	GlobalSection(SolutionConfigurationPlatforms) = preSolution
		Debug|Any CPU = Debug|Any CPU
		Release|Any CPU = Release|Any CPU
	EndGlobalSection
	GlobalSection(ProjectConfigurationPlatforms) = postSolution
		{848CF398-5E00-4A9A-A8D8-15491815F417}.Debug|Any CPU.ActiveCfg = Debug|Any CPU
		{848CF398-5E00-4A9A-A8D8-15491815F417}.Debug|Any CPU.Build.0 = Debug|Any CPU
		{848CF398-5E00-4A9A-A8D8-15491815F417}.Release|Any CPU.ActiveCfg = Release|Any CPU
		{848CF398-5E00-4A9A-A8D8-15491815F417}.Release|Any CPU.Build.0 = Release|Any CPU
	EndGlobalSection
	GlobalSection(SolutionProperties) = preSolution
		HideSolutionNode = FALSE
	EndGlobalSection
	GlobalSection(ExtensibilityGlobals) = postSolution
		SolutionGuid = {D65DBC74-5160-441F-9783-821D87B37986}
	EndGlobalSection
EndGlobal
